// !$*UTF8*$!
{
	archiveVersion = 1;
	classes = {
	};
	objectVersion = 56;
	objects = {

/* Begin PBXBuildFile section */
		E81BF166298CF57F0024B32A /* AnaSayfaPresenter.swift in Sources */ = {isa = PBXBuildFile; fileRef = E81BF165298CF57F0024B32A /* AnaSayfaPresenter.swift */; };
		E81BF168298CF5C10024B32A /* AnaSayfaInteractor.swift in Sources */ = {isa = PBXBuildFile; fileRef = E81BF167298CF5C10024B32A /* AnaSayfaInteractor.swift */; };
		E81BF16A298CF5D70024B32A /* AnaSayfaRouter.swift in Sources */ = {isa = PBXBuildFile; fileRef = E81BF169298CF5D70024B32A /* AnaSayfaRouter.swift */; };
		E81BF16C298CF5EC0024B32A /* AnaSayfaProtocol.swift in Sources */ = {isa = PBXBuildFile; fileRef = E81BF16B298CF5EC0024B32A /* AnaSayfaProtocol.swift */; };
		E81BF16E298CFD6D0024B32A /* DetayPresenter.swift in Sources */ = {isa = PBXBuildFile; fileRef = E81BF16D298CFD6D0024B32A /* DetayPresenter.swift */; };
		E81BF170298CFD8F0024B32A /* DetayInteractor.swift in Sources */ = {isa = PBXBuildFile; fileRef = E81BF16F298CFD8F0024B32A /* DetayInteractor.swift */; };
		E81BF172298CFDA60024B32A /* DetayRouter.swift in Sources */ = {isa = PBXBuildFile; fileRef = E81BF171298CFDA60024B32A /* DetayRouter.swift */; };
		E81BF174298CFDB80024B32A /* DetayProtocol.swift in Sources */ = {isa = PBXBuildFile; fileRef = E81BF173298CFDB80024B32A /* DetayProtocol.swift */; };
		E81BF176298D01520024B32A /* KayitPresenter.swift in Sources */ = {isa = PBXBuildFile; fileRef = E81BF175298D01520024B32A /* KayitPresenter.swift */; };
		E81BF178298D01640024B32A /* KayitInteractor.swift in Sources */ = {isa = PBXBuildFile; fileRef = E81BF177298D01640024B32A /* KayitInteractor.swift */; };
		E81BF17A298D017B0024B32A /* KayitRouter.swift in Sources */ = {isa = PBXBuildFile; fileRef = E81BF179298D017B0024B32A /* KayitRouter.swift */; };
		E81BF17C298D018C0024B32A /* KayitProtocol.swift in Sources */ = {isa = PBXBuildFile; fileRef = E81BF17B298D018C0024B32A /* KayitProtocol.swift */; };
		E81BF18D298D06E50024B32A /* FMDatabasePool.m in Sources */ = {isa = PBXBuildFile; fileRef = E81BF184298D06DF0024B32A /* FMDatabasePool.m */; };
		E81BF18E298D06E50024B32A /* FMDatabase.m in Sources */ = {isa = PBXBuildFile; fileRef = E81BF186298D06E00024B32A /* FMDatabase.m */; };
		E81BF18F298D06E50024B32A /* FMDatabaseAdditions.m in Sources */ = {isa = PBXBuildFile; fileRef = E81BF187298D06E10024B32A /* FMDatabaseAdditions.m */; };
		E81BF190298D06E50024B32A /* FMResultSet.m in Sources */ = {isa = PBXBuildFile; fileRef = E81BF189298D06E20024B32A /* FMResultSet.m */; };
		E81BF191298D06E50024B32A /* FMDatabaseQueue.m in Sources */ = {isa = PBXBuildFile; fileRef = E81BF18B298D06E40024B32A /* FMDatabaseQueue.m */; };
		E81BF193298D07790024B32A /* todo.sqlite in Resources */ = {isa = PBXBuildFile; fileRef = E81BF192298D07780024B32A /* todo.sqlite */; };
		E8237FF3298A5B3F004C5461 /* AppDelegate.swift in Sources */ = {isa = PBXBuildFile; fileRef = E8237FF2298A5B3F004C5461 /* AppDelegate.swift */; };
		E8237FF5298A5B3F004C5461 /* SceneDelegate.swift in Sources */ = {isa = PBXBuildFile; fileRef = E8237FF4298A5B3F004C5461 /* SceneDelegate.swift */; };
		E8237FF7298A5B3F004C5461 /* AnaSayfa.swift in Sources */ = {isa = PBXBuildFile; fileRef = E8237FF6298A5B3F004C5461 /* AnaSayfa.swift */; };
		E8237FFA298A5B3F004C5461 /* Main.storyboard in Resources */ = {isa = PBXBuildFile; fileRef = E8237FF8298A5B3F004C5461 /* Main.storyboard */; };
		E8237FFC298A5B41004C5461 /* Assets.xcassets in Resources */ = {isa = PBXBuildFile; fileRef = E8237FFB298A5B41004C5461 /* Assets.xcassets */; };
		E8237FFF298A5B41004C5461 /* LaunchScreen.storyboard in Resources */ = {isa = PBXBuildFile; fileRef = E8237FFD298A5B41004C5461 /* LaunchScreen.storyboard */; };
		E8238007298A63AC004C5461 /* ToDoDetay.swift in Sources */ = {isa = PBXBuildFile; fileRef = E8238006298A63AC004C5461 /* ToDoDetay.swift */; };
		E8238009298A63C3004C5461 /* ToDoKayit.swift in Sources */ = {isa = PBXBuildFile; fileRef = E8238008298A63C3004C5461 /* ToDoKayit.swift */; };
		E823800B298A7A63004C5461 /* ToDoTableViewCell.swift in Sources */ = {isa = PBXBuildFile; fileRef = E823800A298A7A63004C5461 /* ToDoTableViewCell.swift */; };
		E823800D298A9602004C5461 /* ToDos.swift in Sources */ = {isa = PBXBuildFile; fileRef = E823800C298A9602004C5461 /* ToDos.swift */; };
/* End PBXBuildFile section */

/* Begin PBXFileReference section */
		E81BF165298CF57F0024B32A /* AnaSayfaPresenter.swift */ = {isa = PBXFileReference; lastKnownFileType = sourcecode.swift; path = AnaSayfaPresenter.swift; sourceTree = "<group>"; };
		E81BF167298CF5C10024B32A /* AnaSayfaInteractor.swift */ = {isa = PBXFileReference; lastKnownFileType = sourcecode.swift; path = AnaSayfaInteractor.swift; sourceTree = "<group>"; };
		E81BF169298CF5D70024B32A /* AnaSayfaRouter.swift */ = {isa = PBXFileReference; lastKnownFileType = sourcecode.swift; path = AnaSayfaRouter.swift; sourceTree = "<group>"; };
		E81BF16B298CF5EC0024B32A /* AnaSayfaProtocol.swift */ = {isa = PBXFileReference; lastKnownFileType = sourcecode.swift; path = AnaSayfaProtocol.swift; sourceTree = "<group>"; };
		E81BF16D298CFD6D0024B32A /* DetayPresenter.swift */ = {isa = PBXFileReference; lastKnownFileType = sourcecode.swift; path = DetayPresenter.swift; sourceTree = "<group>"; };
		E81BF16F298CFD8F0024B32A /* DetayInteractor.swift */ = {isa = PBXFileReference; lastKnownFileType = sourcecode.swift; path = DetayInteractor.swift; sourceTree = "<group>"; };
		E81BF171298CFDA60024B32A /* DetayRouter.swift */ = {isa = PBXFileReference; lastKnownFileType = sourcecode.swift; path = DetayRouter.swift; sourceTree = "<group>"; };
		E81BF173298CFDB80024B32A /* DetayProtocol.swift */ = {isa = PBXFileReference; lastKnownFileType = sourcecode.swift; path = DetayProtocol.swift; sourceTree = "<group>"; };
		E81BF175298D01520024B32A /* KayitPresenter.swift */ = {isa = PBXFileReference; lastKnownFileType = sourcecode.swift; path = KayitPresenter.swift; sourceTree = "<group>"; };
		E81BF177298D01640024B32A /* KayitInteractor.swift */ = {isa = PBXFileReference; lastKnownFileType = sourcecode.swift; path = KayitInteractor.swift; sourceTree = "<group>"; };
		E81BF179298D017B0024B32A /* KayitRouter.swift */ = {isa = PBXFileReference; lastKnownFileType = sourcecode.swift; path = KayitRouter.swift; sourceTree = "<group>"; };
		E81BF17B298D018C0024B32A /* KayitProtocol.swift */ = {isa = PBXFileReference; lastKnownFileType = sourcecode.swift; path = KayitProtocol.swift; sourceTree = "<group>"; };
		E81BF180298D06860024B32A /* libsqlite3.tbd */ = {isa = PBXFileReference; lastKnownFileType = "sourcecode.text-based-dylib-definition"; name = libsqlite3.tbd; path = usr/lib/libsqlite3.tbd; sourceTree = SDKROOT; };
		E81BF181298D06DD0024B32A /* ToDoApp-Bridging-Header.h */ = {isa = PBXFileReference; lastKnownFileType = sourcecode.c.h; path = "ToDoApp-Bridging-Header.h"; sourceTree = "<group>"; };
		E81BF182298D06DE0024B32A /* FMDatabasePool.h */ = {isa = PBXFileReference; fileEncoding = 4; lastKnownFileType = sourcecode.c.h; path = FMDatabasePool.h; sourceTree = "<group>"; };
		E81BF183298D06DF0024B32A /* FMDB.h */ = {isa = PBXFileReference; fileEncoding = 4; lastKnownFileType = sourcecode.c.h; path = FMDB.h; sourceTree = "<group>"; };
		E81BF184298D06DF0024B32A /* FMDatabasePool.m */ = {isa = PBXFileReference; fileEncoding = 4; lastKnownFileType = sourcecode.c.objc; path = FMDatabasePool.m; sourceTree = "<group>"; };
		E81BF185298D06E00024B32A /* FMDatabaseAdditions.h */ = {isa = PBXFileReference; fileEncoding = 4; lastKnownFileType = sourcecode.c.h; path = FMDatabaseAdditions.h; sourceTree = "<group>"; };
		E81BF186298D06E00024B32A /* FMDatabase.m */ = {isa = PBXFileReference; fileEncoding = 4; lastKnownFileType = sourcecode.c.objc; path = FMDatabase.m; sourceTree = "<group>"; };
		E81BF187298D06E10024B32A /* FMDatabaseAdditions.m */ = {isa = PBXFileReference; fileEncoding = 4; lastKnownFileType = sourcecode.c.objc; path = FMDatabaseAdditions.m; sourceTree = "<group>"; };
		E81BF188298D06E20024B32A /* FMDatabaseQueue.h */ = {isa = PBXFileReference; fileEncoding = 4; lastKnownFileType = sourcecode.c.h; path = FMDatabaseQueue.h; sourceTree = "<group>"; };
		E81BF189298D06E20024B32A /* FMResultSet.m */ = {isa = PBXFileReference; fileEncoding = 4; lastKnownFileType = sourcecode.c.objc; path = FMResultSet.m; sourceTree = "<group>"; };
		E81BF18A298D06E30024B32A /* FMResultSet.h */ = {isa = PBXFileReference; fileEncoding = 4; lastKnownFileType = sourcecode.c.h; path = FMResultSet.h; sourceTree = "<group>"; };
		E81BF18B298D06E40024B32A /* FMDatabaseQueue.m */ = {isa = PBXFileReference; fileEncoding = 4; lastKnownFileType = sourcecode.c.objc; path = FMDatabaseQueue.m; sourceTree = "<group>"; };
		E81BF18C298D06E40024B32A /* FMDatabase.h */ = {isa = PBXFileReference; fileEncoding = 4; lastKnownFileType = sourcecode.c.h; path = FMDatabase.h; sourceTree = "<group>"; };
		E81BF192298D07780024B32A /* todo.sqlite */ = {isa = PBXFileReference; lastKnownFileType = file; path = todo.sqlite; sourceTree = "<group>"; };
		E8237FEF298A5B3F004C5461 /* ToDoApp.app */ = {isa = PBXFileReference; explicitFileType = wrapper.application; includeInIndex = 0; path = ToDoApp.app; sourceTree = BUILT_PRODUCTS_DIR; };
		E8237FF2298A5B3F004C5461 /* AppDelegate.swift */ = {isa = PBXFileReference; lastKnownFileType = sourcecode.swift; path = AppDelegate.swift; sourceTree = "<group>"; };
		E8237FF4298A5B3F004C5461 /* SceneDelegate.swift */ = {isa = PBXFileReference; lastKnownFileType = sourcecode.swift; path = SceneDelegate.swift; sourceTree = "<group>"; };
		E8237FF6298A5B3F004C5461 /* AnaSayfa.swift */ = {isa = PBXFileReference; lastKnownFileType = sourcecode.swift; path = AnaSayfa.swift; sourceTree = "<group>"; };
		E8237FF9298A5B3F004C5461 /* Base */ = {isa = PBXFileReference; lastKnownFileType = file.storyboard; name = Base; path = Base.lproj/Main.storyboard; sourceTree = "<group>"; };
		E8237FFB298A5B41004C5461 /* Assets.xcassets */ = {isa = PBXFileReference; lastKnownFileType = folder.assetcatalog; path = Assets.xcassets; sourceTree = "<group>"; };
		E8237FFE298A5B41004C5461 /* Base */ = {isa = PBXFileReference; lastKnownFileType = file.storyboard; name = Base; path = Base.lproj/LaunchScreen.storyboard; sourceTree = "<group>"; };
		E8238000298A5B41004C5461 /* Info.plist */ = {isa = PBXFileReference; lastKnownFileType = text.plist.xml; path = Info.plist; sourceTree = "<group>"; };
		E8238006298A63AC004C5461 /* ToDoDetay.swift */ = {isa = PBXFileReference; lastKnownFileType = sourcecode.swift; path = ToDoDetay.swift; sourceTree = "<group>"; };
		E8238008298A63C3004C5461 /* ToDoKayit.swift */ = {isa = PBXFileReference; lastKnownFileType = sourcecode.swift; path = ToDoKayit.swift; sourceTree = "<group>"; };
		E823800A298A7A63004C5461 /* ToDoTableViewCell.swift */ = {isa = PBXFileReference; lastKnownFileType = sourcecode.swift; path = ToDoTableViewCell.swift; sourceTree = "<group>"; };
		E823800C298A9602004C5461 /* ToDos.swift */ = {isa = PBXFileReference; lastKnownFileType = sourcecode.swift; path = ToDos.swift; sourceTree = "<group>"; };
/* End PBXFileReference section */

/* Begin PBXFrameworksBuildPhase section */
		E8237FEC298A5B3F004C5461 /* Frameworks */ = {
			isa = PBXFrameworksBuildPhase;
			buildActionMask = 2147483647;
			files = (
			);
			runOnlyForDeploymentPostprocessing = 0;
		};
/* End PBXFrameworksBuildPhase section */

/* Begin PBXGroup section */
		E810BC8F298BD50B00AC51EE /* entity */ = {
			isa = PBXGroup;
			children = (
				E823800C298A9602004C5461 /* ToDos.swift */,
			);
			path = entity;
			sourceTree = "<group>";
		};
		E810BC90298BD52D00AC51EE /* anasayfa-module */ = {
			isa = PBXGroup;
			children = (
				E810BC96298BD56C00AC51EE /* tableview */,
				E810BC95298BD56400AC51EE /* protocol */,
				E810BC94298BD55900AC51EE /* router */,
				E810BC93298BD55200AC51EE /* interactor */,
				E810BC92298BD54C00AC51EE /* presenter */,
				E810BC91298BD53B00AC51EE /* view */,
			);
			path = "anasayfa-module";
			sourceTree = "<group>";
		};
		E810BC91298BD53B00AC51EE /* view */ = {
			isa = PBXGroup;
			children = (
				E8237FF6298A5B3F004C5461 /* AnaSayfa.swift */,
			);
			path = view;
			sourceTree = "<group>";
		};
		E810BC92298BD54C00AC51EE /* presenter */ = {
			isa = PBXGroup;
			children = (
				E81BF165298CF57F0024B32A /* AnaSayfaPresenter.swift */,
			);
			path = presenter;
			sourceTree = "<group>";
		};
		E810BC93298BD55200AC51EE /* interactor */ = {
			isa = PBXGroup;
			children = (
				E81BF167298CF5C10024B32A /* AnaSayfaInteractor.swift */,
			);
			path = interactor;
			sourceTree = "<group>";
		};
		E810BC94298BD55900AC51EE /* router */ = {
			isa = PBXGroup;
			children = (
				E81BF169298CF5D70024B32A /* AnaSayfaRouter.swift */,
			);
			path = router;
			sourceTree = "<group>";
		};
		E810BC95298BD56400AC51EE /* protocol */ = {
			isa = PBXGroup;
			children = (
				E81BF16B298CF5EC0024B32A /* AnaSayfaProtocol.swift */,
			);
			path = protocol;
			sourceTree = "<group>";
		};
		E810BC96298BD56C00AC51EE /* tableview */ = {
			isa = PBXGroup;
			children = (
				E823800A298A7A63004C5461 /* ToDoTableViewCell.swift */,
			);
			path = tableview;
			sourceTree = "<group>";
		};
		E810BC97298BD58E00AC51EE /* detaysayfa-module */ = {
			isa = PBXGroup;
			children = (
				E810BC9C298BD5AD00AC51EE /* protocol */,
				E810BC9B298BD5A700AC51EE /* router */,
				E810BC9A298BD5A200AC51EE /* interactor */,
				E810BC99298BD59C00AC51EE /* presenter */,
				E810BC98298BD59700AC51EE /* view */,
			);
			path = "detaysayfa-module";
			sourceTree = "<group>";
		};
		E810BC98298BD59700AC51EE /* view */ = {
			isa = PBXGroup;
			children = (
				E8238006298A63AC004C5461 /* ToDoDetay.swift */,
			);
			path = view;
			sourceTree = "<group>";
		};
		E810BC99298BD59C00AC51EE /* presenter */ = {
			isa = PBXGroup;
			children = (
				E81BF16D298CFD6D0024B32A /* DetayPresenter.swift */,
			);
			path = presenter;
			sourceTree = "<group>";
		};
		E810BC9A298BD5A200AC51EE /* interactor */ = {
			isa = PBXGroup;
			children = (
				E81BF16F298CFD8F0024B32A /* DetayInteractor.swift */,
			);
			path = interactor;
			sourceTree = "<group>";
		};
		E810BC9B298BD5A700AC51EE /* router */ = {
			isa = PBXGroup;
			children = (
				E81BF171298CFDA60024B32A /* DetayRouter.swift */,
			);
			path = router;
			sourceTree = "<group>";
		};
		E810BC9C298BD5AD00AC51EE /* protocol */ = {
			isa = PBXGroup;
			children = (
				E81BF173298CFDB80024B32A /* DetayProtocol.swift */,
			);
			path = protocol;
			sourceTree = "<group>";
		};
		E810BC9D298BD5BC00AC51EE /* kayitsayfa-module */ = {
			isa = PBXGroup;
			children = (
				E810BCA2298BD5E800AC51EE /* protocol */,
				E810BCA1298BD5E300AC51EE /* router */,
				E810BCA0298BD5CF00AC51EE /* interactor */,
				E810BC9F298BD5CA00AC51EE /* presenter */,
				E810BC9E298BD5C500AC51EE /* view */,
			);
			path = "kayitsayfa-module";
			sourceTree = "<group>";
		};
		E810BC9E298BD5C500AC51EE /* view */ = {
			isa = PBXGroup;
			children = (
				E8238008298A63C3004C5461 /* ToDoKayit.swift */,
			);
			path = view;
			sourceTree = "<group>";
		};
		E810BC9F298BD5CA00AC51EE /* presenter */ = {
			isa = PBXGroup;
			children = (
				E81BF175298D01520024B32A /* KayitPresenter.swift */,
			);
			path = presenter;
			sourceTree = "<group>";
		};
		E810BCA0298BD5CF00AC51EE /* interactor */ = {
			isa = PBXGroup;
			children = (
				E81BF177298D01640024B32A /* KayitInteractor.swift */,
			);
			path = interactor;
			sourceTree = "<group>";
		};
		E810BCA1298BD5E300AC51EE /* router */ = {
			isa = PBXGroup;
			children = (
				E81BF179298D017B0024B32A /* KayitRouter.swift */,
			);
			path = router;
			sourceTree = "<group>";
		};
		E810BCA2298BD5E800AC51EE /* protocol */ = {
			isa = PBXGroup;
			children = (
				E81BF17B298D018C0024B32A /* KayitProtocol.swift */,
			);
			path = protocol;
			sourceTree = "<group>";
		};
		E81BF17F298D06850024B32A /* Frameworks */ = {
			isa = PBXGroup;
			children = (
				E81BF180298D06860024B32A /* libsqlite3.tbd */,
			);
			name = Frameworks;
			sourceTree = "<group>";
		};
		E8237FE6298A5B3F004C5461 = {
			isa = PBXGroup;
			children = (
				E8237FF1298A5B3F004C5461 /* ToDoApp */,
				E8237FF0298A5B3F004C5461 /* Products */,
				E81BF17F298D06850024B32A /* Frameworks */,
			);
			sourceTree = "<group>";
		};
		E8237FF0298A5B3F004C5461 /* Products */ = {
			isa = PBXGroup;
			children = (
				E8237FEF298A5B3F004C5461 /* ToDoApp.app */,
			);
			name = Products;
			sourceTree = "<group>";
		};
		E8237FF1298A5B3F004C5461 /* ToDoApp */ = {
			isa = PBXGroup;
			children = (
				E8237FF2298A5B3F004C5461 /* AppDelegate.swift */,
				E8237FF4298A5B3F004C5461 /* SceneDelegate.swift */,
				E810BC8F298BD50B00AC51EE /* entity */,
				E810BC90298BD52D00AC51EE /* anasayfa-module */,
				E810BC97298BD58E00AC51EE /* detaysayfa-module */,
				E810BC9D298BD5BC00AC51EE /* kayitsayfa-module */,
				E8237FF8298A5B3F004C5461 /* Main.storyboard */,
				E8237FFB298A5B41004C5461 /* Assets.xcassets */,
				E8237FFD298A5B41004C5461 /* LaunchScreen.storyboard */,
				E8238000298A5B41004C5461 /* Info.plist */,
				E81BF192298D07780024B32A /* todo.sqlite */,
				E81BF18C298D06E40024B32A /* FMDatabase.h */,
				E81BF186298D06E00024B32A /* FMDatabase.m */,
				E81BF185298D06E00024B32A /* FMDatabaseAdditions.h */,
				E81BF187298D06E10024B32A /* FMDatabaseAdditions.m */,
				E81BF182298D06DE0024B32A /* FMDatabasePool.h */,
				E81BF184298D06DF0024B32A /* FMDatabasePool.m */,
				E81BF188298D06E20024B32A /* FMDatabaseQueue.h */,
				E81BF18B298D06E40024B32A /* FMDatabaseQueue.m */,
				E81BF183298D06DF0024B32A /* FMDB.h */,
				E81BF18A298D06E30024B32A /* FMResultSet.h */,
				E81BF189298D06E20024B32A /* FMResultSet.m */,
				E81BF181298D06DD0024B32A /* ToDoApp-Bridging-Header.h */,
			);
			path = ToDoApp;
			sourceTree = "<group>";
		};
/* End PBXGroup section */

/* Begin PBXNativeTarget section */
		E8237FEE298A5B3F004C5461 /* ToDoApp */ = {
			isa = PBXNativeTarget;
			buildConfigurationList = E8238003298A5B41004C5461 /* Build configuration list for PBXNativeTarget "ToDoApp" */;
			buildPhases = (
				E8237FEB298A5B3F004C5461 /* Sources */,
				E8237FEC298A5B3F004C5461 /* Frameworks */,
				E8237FED298A5B3F004C5461 /* Resources */,
			);
			buildRules = (
			);
			dependencies = (
			);
			name = ToDoApp;
			productName = ToDoApp;
			productReference = E8237FEF298A5B3F004C5461 /* ToDoApp.app */;
			productType = "com.apple.product-type.application";
		};
/* End PBXNativeTarget section */

/* Begin PBXProject section */
		E8237FE7298A5B3F004C5461 /* Project object */ = {
			isa = PBXProject;
			attributes = {
				BuildIndependentTargetsInParallel = 1;
				LastSwiftUpdateCheck = 1420;
				LastUpgradeCheck = 1420;
				TargetAttributes = {
					E8237FEE298A5B3F004C5461 = {
						CreatedOnToolsVersion = 14.2;
						LastSwiftMigration = 1420;
					};
				};
			};
			buildConfigurationList = E8237FEA298A5B3F004C5461 /* Build configuration list for PBXProject "ToDoApp" */;
			compatibilityVersion = "Xcode 14.0";
			developmentRegion = en;
			hasScannedForEncodings = 0;
			knownRegions = (
				en,
				Base,
			);
			mainGroup = E8237FE6298A5B3F004C5461;
			productRefGroup = E8237FF0298A5B3F004C5461 /* Products */;
			projectDirPath = "";
			projectRoot = "";
			targets = (
				E8237FEE298A5B3F004C5461 /* ToDoApp */,
			);
		};
/* End PBXProject section */

/* Begin PBXResourcesBuildPhase section */
		E8237FED298A5B3F004C5461 /* Resources */ = {
			isa = PBXResourcesBuildPhase;
			buildActionMask = 2147483647;
			files = (
				E8237FFF298A5B41004C5461 /* LaunchScreen.storyboard in Resources */,
				E81BF193298D07790024B32A /* todo.sqlite in Resources */,
				E8237FFC298A5B41004C5461 /* Assets.xcassets in Resources */,
				E8237FFA298A5B3F004C5461 /* Main.storyboard in Resources */,
			);
			runOnlyForDeploymentPostprocessing = 0;
		};
/* End PBXResourcesBuildPhase section */

/* Begin PBXSourcesBuildPhase section */
		E8237FEB298A5B3F004C5461 /* Sources */ = {
			isa = PBXSourcesBuildPhase;
			buildActionMask = 2147483647;
			files = (
				E8238009298A63C3004C5461 /* ToDoKayit.swift in Sources */,
				E81BF170298CFD8F0024B32A /* DetayInteractor.swift in Sources */,
				E823800D298A9602004C5461 /* ToDos.swift in Sources */,
				E81BF18E298D06E50024B32A /* FMDatabase.m in Sources */,
				E81BF16E298CFD6D0024B32A /* DetayPresenter.swift in Sources */,
				E81BF172298CFDA60024B32A /* DetayRouter.swift in Sources */,
				E8237FF7298A5B3F004C5461 /* AnaSayfa.swift in Sources */,
				E81BF18F298D06E50024B32A /* FMDatabaseAdditions.m in Sources */,
				E8237FF3298A5B3F004C5461 /* AppDelegate.swift in Sources */,
				E81BF17A298D017B0024B32A /* KayitRouter.swift in Sources */,
				E81BF16C298CF5EC0024B32A /* AnaSayfaProtocol.swift in Sources */,
				E81BF16A298CF5D70024B32A /* AnaSayfaRouter.swift in Sources */,
				E81BF176298D01520024B32A /* KayitPresenter.swift in Sources */,
				E81BF17C298D018C0024B32A /* KayitProtocol.swift in Sources */,
				E81BF178298D01640024B32A /* KayitInteractor.swift in Sources */,
				E823800B298A7A63004C5461 /* ToDoTableViewCell.swift in Sources */,
				E8237FF5298A5B3F004C5461 /* SceneDelegate.swift in Sources */,
				E81BF191298D06E50024B32A /* FMDatabaseQueue.m in Sources */,
				E81BF190298D06E50024B32A /* FMResultSet.m in Sources */,
				E81BF168298CF5C10024B32A /* AnaSayfaInteractor.swift in Sources */,
				E81BF166298CF57F0024B32A /* AnaSayfaPresenter.swift in Sources */,
				E81BF18D298D06E50024B32A /* FMDatabasePool.m in Sources */,
				E8238007298A63AC004C5461 /* ToDoDetay.swift in Sources */,
				E81BF174298CFDB80024B32A /* DetayProtocol.swift in Sources */,
			);
			runOnlyForDeploymentPostprocessing = 0;
		};
/* End PBXSourcesBuildPhase section */

/* Begin PBXVariantGroup section */
		E8237FF8298A5B3F004C5461 /* Main.storyboard */ = {
			isa = PBXVariantGroup;
			children = (
				E8237FF9298A5B3F004C5461 /* Base */,
			);
			name = Main.storyboard;
			sourceTree = "<group>";
		};
		E8237FFD298A5B41004C5461 /* LaunchScreen.storyboard */ = {
			isa = PBXVariantGroup;
			children = (
				E8237FFE298A5B41004C5461 /* Base */,
			);
			name = LaunchScreen.storyboard;
			sourceTree = "<group>";
		};
/* End PBXVariantGroup section */

/* Begin XCBuildConfiguration section */
		E8238001298A5B41004C5461 /* Debug */ = {
			isa = XCBuildConfiguration;
			buildSettings = {
				ALWAYS_SEARCH_USER_PATHS = NO;
				CLANG_ANALYZER_NONNULL = YES;
				CLANG_ANALYZER_NUMBER_OBJECT_CONVERSION = YES_AGGRESSIVE;
				CLANG_CXX_LANGUAGE_STANDARD = "gnu++20";
				CLANG_ENABLE_MODULES = YES;
				CLANG_ENABLE_OBJC_ARC = YES;
				CLANG_ENABLE_OBJC_WEAK = YES;
				CLANG_WARN_BLOCK_CAPTURE_AUTORELEASING = YES;
				CLANG_WARN_BOOL_CONVERSION = YES;
				CLANG_WARN_COMMA = YES;
				CLANG_WARN_CONSTANT_CONVERSION = YES;
				CLANG_WARN_DEPRECATED_OBJC_IMPLEMENTATIONS = YES;
				CLANG_WARN_DIRECT_OBJC_ISA_USAGE = YES_ERROR;
				CLANG_WARN_DOCUMENTATION_COMMENTS = YES;
				CLANG_WARN_EMPTY_BODY = YES;
				CLANG_WARN_ENUM_CONVERSION = YES;
				CLANG_WARN_INFINITE_RECURSION = YES;
				CLANG_WARN_INT_CONVERSION = YES;
				CLANG_WARN_NON_LITERAL_NULL_CONVERSION = YES;
				CLANG_WARN_OBJC_IMPLICIT_RETAIN_SELF = YES;
				CLANG_WARN_OBJC_LITERAL_CONVERSION = YES;
				CLANG_WARN_OBJC_ROOT_CLASS = YES_ERROR;
				CLANG_WARN_QUOTED_INCLUDE_IN_FRAMEWORK_HEADER = YES;
				CLANG_WARN_RANGE_LOOP_ANALYSIS = YES;
				CLANG_WARN_STRICT_PROTOTYPES = YES;
				CLANG_WARN_SUSPICIOUS_MOVE = YES;
				CLANG_WARN_UNGUARDED_AVAILABILITY = YES_AGGRESSIVE;
				CLANG_WARN_UNREACHABLE_CODE = YES;
				CLANG_WARN__DUPLICATE_METHOD_MATCH = YES;
				COPY_PHASE_STRIP = NO;
				DEBUG_INFORMATION_FORMAT = dwarf;
				ENABLE_STRICT_OBJC_MSGSEND = YES;
				ENABLE_TESTABILITY = YES;
				GCC_C_LANGUAGE_STANDARD = gnu11;
				GCC_DYNAMIC_NO_PIC = NO;
				GCC_NO_COMMON_BLOCKS = YES;
				GCC_OPTIMIZATION_LEVEL = 0;
				GCC_PREPROCESSOR_DEFINITIONS = (
					"DEBUG=1",
					"$(inherited)",
				);
				GCC_WARN_64_TO_32_BIT_CONVERSION = YES;
				GCC_WARN_ABOUT_RETURN_TYPE = YES_ERROR;
				GCC_WARN_UNDECLARED_SELECTOR = YES;
				GCC_WARN_UNINITIALIZED_AUTOS = YES_AGGRESSIVE;
				GCC_WARN_UNUSED_FUNCTION = YES;
				GCC_WARN_UNUSED_VARIABLE = YES;
				IPHONEOS_DEPLOYMENT_TARGET = 16.2;
				MTL_ENABLE_DEBUG_INFO = INCLUDE_SOURCE;
				MTL_FAST_MATH = YES;
				ONLY_ACTIVE_ARCH = YES;
				SDKROOT = iphoneos;
				SWIFT_ACTIVE_COMPILATION_CONDITIONS = DEBUG;
				SWIFT_OPTIMIZATION_LEVEL = "-Onone";
			};
			name = Debug;
		};
		E8238002298A5B41004C5461 /* Release */ = {
			isa = XCBuildConfiguration;
			buildSettings = {
				ALWAYS_SEARCH_USER_PATHS = NO;
				CLANG_ANALYZER_NONNULL = YES;
				CLANG_ANALYZER_NUMBER_OBJECT_CONVERSION = YES_AGGRESSIVE;
				CLANG_CXX_LANGUAGE_STANDARD = "gnu++20";
				CLANG_ENABLE_MODULES = YES;
				CLANG_ENABLE_OBJC_ARC = YES;
				CLANG_ENABLE_OBJC_WEAK = YES;
				CLANG_WARN_BLOCK_CAPTURE_AUTORELEASING = YES;
				CLANG_WARN_BOOL_CONVERSION = YES;
				CLANG_WARN_COMMA = YES;
				CLANG_WARN_CONSTANT_CONVERSION = YES;
				CLANG_WARN_DEPRECATED_OBJC_IMPLEMENTATIONS = YES;
				CLANG_WARN_DIRECT_OBJC_ISA_USAGE = YES_ERROR;
				CLANG_WARN_DOCUMENTATION_COMMENTS = YES;
				CLANG_WARN_EMPTY_BODY = YES;
				CLANG_WARN_ENUM_CONVERSION = YES;
				CLANG_WARN_INFINITE_RECURSION = YES;
				CLANG_WARN_INT_CONVERSION = YES;
				CLANG_WARN_NON_LITERAL_NULL_CONVERSION = YES;
				CLANG_WARN_OBJC_IMPLICIT_RETAIN_SELF = YES;
				CLANG_WARN_OBJC_LITERAL_CONVERSION = YES;
				CLANG_WARN_OBJC_ROOT_CLASS = YES_ERROR;
				CLANG_WARN_QUOTED_INCLUDE_IN_FRAMEWORK_HEADER = YES;
				CLANG_WARN_RANGE_LOOP_ANALYSIS = YES;
				CLANG_WARN_STRICT_PROTOTYPES = YES;
				CLANG_WARN_SUSPICIOUS_MOVE = YES;
				CLANG_WARN_UNGUARDED_AVAILABILITY = YES_AGGRESSIVE;
				CLANG_WARN_UNREACHABLE_CODE = YES;
				CLANG_WARN__DUPLICATE_METHOD_MATCH = YES;
				COPY_PHASE_STRIP = NO;
				DEBUG_INFORMATION_FORMAT = "dwarf-with-dsym";
				ENABLE_NS_ASSERTIONS = NO;
				ENABLE_STRICT_OBJC_MSGSEND = YES;
				GCC_C_LANGUAGE_STANDARD = gnu11;
				GCC_NO_COMMON_BLOCKS = YES;
				GCC_WARN_64_TO_32_BIT_CONVERSION = YES;
				GCC_WARN_ABOUT_RETURN_TYPE = YES_ERROR;
				GCC_WARN_UNDECLARED_SELECTOR = YES;
				GCC_WARN_UNINITIALIZED_AUTOS = YES_AGGRESSIVE;
				GCC_WARN_UNUSED_FUNCTION = YES;
				GCC_WARN_UNUSED_VARIABLE = YES;
				IPHONEOS_DEPLOYMENT_TARGET = 16.2;
				MTL_ENABLE_DEBUG_INFO = NO;
				MTL_FAST_MATH = YES;
				SDKROOT = iphoneos;
				SWIFT_COMPILATION_MODE = wholemodule;
				SWIFT_OPTIMIZATION_LEVEL = "-O";
				VALIDATE_PRODUCT = YES;
			};
			name = Release;
		};
		E8238004298A5B41004C5461 /* Debug */ = {
			isa = XCBuildConfiguration;
			buildSettings = {
				ASSETCATALOG_COMPILER_APPICON_NAME = AppIcon;
				ASSETCATALOG_COMPILER_GLOBAL_ACCENT_COLOR_NAME = AccentColor;
				CLANG_ENABLE_MODULES = YES;
				CODE_SIGN_STYLE = Automatic;
				CURRENT_PROJECT_VERSION = 1;
				GENERATE_INFOPLIST_FILE = YES;
				INFOPLIST_FILE = ToDoApp/Info.plist;
				INFOPLIST_KEY_UIApplicationSupportsIndirectInputEvents = YES;
				INFOPLIST_KEY_UILaunchStoryboardName = LaunchScreen;
				INFOPLIST_KEY_UIMainStoryboardFile = Main;
				INFOPLIST_KEY_UISupportedInterfaceOrientations_iPad = "UIInterfaceOrientationPortrait UIInterfaceOrientationPortraitUpsideDown UIInterfaceOrientationLandscapeLeft UIInterfaceOrientationLandscapeRight";
				INFOPLIST_KEY_UISupportedInterfaceOrientations_iPhone = "UIInterfaceOrientationPortrait UIInterfaceOrientationLandscapeLeft UIInterfaceOrientationLandscapeRight";
				LD_RUNPATH_SEARCH_PATHS = (
					"$(inherited)",
					"@executable_path/Frameworks",
				);
				MARKETING_VERSION = 1.0;
				PRODUCT_BUNDLE_IDENTIFIER = com.davutkarakus.ToDoApp;
				PRODUCT_NAME = "$(TARGET_NAME)";
				SWIFT_EMIT_LOC_STRINGS = YES;
				SWIFT_OBJC_BRIDGING_HEADER = "ToDoApp/ToDoApp-Bridging-Header.h";
				SWIFT_OPTIMIZATION_LEVEL = "-Onone";
				SWIFT_VERSION = 5.0;
				TARGETED_DEVICE_FAMILY = "1,2";
			};
			name = Debug;
		};
		E8238005298A5B41004C5461 /* Release */ = {
			isa = XCBuildConfiguration;
			buildSettings = {
				ASSETCATALOG_COMPILER_APPICON_NAME = AppIcon;
				ASSETCATALOG_COMPILER_GLOBAL_ACCENT_COLOR_NAME = AccentColor;
				CLANG_ENABLE_MODULES = YES;
				CODE_SIGN_STYLE = Automatic;
				CURRENT_PROJECT_VERSION = 1;
				GENERATE_INFOPLIST_FILE = YES;
				INFOPLIST_FILE = ToDoApp/Info.plist;
				INFOPLIST_KEY_UIApplicationSupportsIndirectInputEvents = YES;
				INFOPLIST_KEY_UILaunchStoryboardName = LaunchScreen;
				INFOPLIST_KEY_UIMainStoryboardFile = Main;
				INFOPLIST_KEY_UISupportedInterfaceOrientations_iPad = "UIInterfaceOrientationPortrait UIInterfaceOrientationPortraitUpsideDown UIInterfaceOrientationLandscapeLeft UIInterfaceOrientationLandscapeRight";
				INFOPLIST_KEY_UISupportedInterfaceOrientations_iPhone = "UIInterfaceOrientationPortrait UIInterfaceOrientationLandscapeLeft UIInterfaceOrientationLandscapeRight";
				LD_RUNPATH_SEARCH_PATHS = (
					"$(inherited)",
					"@executable_path/Frameworks",
				);
				MARKETING_VERSION = 1.0;
				PRODUCT_BUNDLE_IDENTIFIER = com.davutkarakus.ToDoApp;
				PRODUCT_NAME = "$(TARGET_NAME)";
				SWIFT_EMIT_LOC_STRINGS = YES;
				SWIFT_OBJC_BRIDGING_HEADER = "ToDoApp/ToDoApp-Bridging-Header.h";
				SWIFT_VERSION = 5.0;
				TARGETED_DEVICE_FAMILY = "1,2";
			};
			name = Release;
		};
/* End XCBuildConfiguration section */

/* Begin XCConfigurationList section */
		E8237FEA298A5B3F004C5461 /* Build configuration list for PBXProject "ToDoApp" */ = {
			isa = XCConfigurationList;
			buildConfigurations = (
				E8238001298A5B41004C5461 /* Debug */,
				E8238002298A5B41004C5461 /* Release */,
			);
			defaultConfigurationIsVisible = 0;
			defaultConfigurationName = Release;
		};
		E8238003298A5B41004C5461 /* Build configuration list for PBXNativeTarget "ToDoApp" */ = {
			isa = XCConfigurationList;
			buildConfigurations = (
				E8238004298A5B41004C5461 /* Debug */,
				E8238005298A5B41004C5461 /* Release */,
			);
			defaultConfigurationIsVisible = 0;
			defaultConfigurationName = Release;
		};
/* End XCConfigurationList section */
	};
	rootObject = E8237FE7298A5B3F004C5461 /* Project object */;
}
